
Microsoft Visual Studio Solution File, Format Version 12.00
# Visual Studio Version 17
VisualStudioVersion = 17.14.36310.24 d17.14
MinimumVisualStudioVersion = 10.0.40219.1
Project("{FAE04EC0-301F-11D3-BF4B-00C04F79EFBC}") = "ASP.NETCoreD14", "ASP.NETCoreD14\ASP.NETCoreD14.csproj", "{AD0276F8-E6D6-4B7C-980B-31878CF95C7B}"
EndProject
Global
	GlobalSection(SolutionConfigurationPlatforms) = preSolution
		Debug|Any CPU = Debug|Any CPU
		Release|Any CPU = Release|Any CPU
	EndGlobalSection
	GlobalSection(ProjectConfigurationPlatforms) = postSolution
		{AD0276F8-E6D6-4B7C-980B-31878CF95C7B}.Debug|Any CPU.ActiveCfg = Debug|Any CPU
		{AD0276F8-E6D6-4B7C-980B-31878CF95C7B}.Debug|Any CPU.Build.0 = Debug|Any CPU
		{AD0276F8-E6D6-4B7C-980B-31878CF95C7B}.Release|Any CPU.ActiveCfg = Release|Any CPU
		{AD0276F8-E6D6-4B7C-980B-31878CF95C7B}.Release|Any CPU.Build.0 = Release|Any CPU
	EndGlobalSection
	GlobalSection(SolutionProperties) = preSolution
		HideSolutionNode = FALSE
	EndGlobalSection
	GlobalSection(ExtensibilityGlobals) = postSolution
		SolutionGuid = {696B66C4-F1F0-42A5-835D-4F8564817C71}
	EndGlobalSection
EndGlobal
